
Microsoft Visual Studio Solution File, Format Version 12.00
Project("{FAE04EC0-301F-11D3-BF4B-00C04F79EFBC}") = "GhostOfJoe", "GhostOfJoe\GhostOfJoe.csproj", "{3658D2F5-EEBB-40EB-9982-9696C24B2AE7}"
EndProject
Global
	GlobalSection(SolutionConfigurationPlatforms) = preSolution
		Debug|Any CPU = Debug|Any CPU
		Release|Any CPU = Release|Any CPU
	EndGlobalSection
	GlobalSection(ProjectConfigurationPlatforms) = postSolution
		{3658D2F5-EEBB-40EB-9982-9696C24B2AE7}.Debug|Any CPU.ActiveCfg = Debug|Any CPU
		{3658D2F5-EEBB-40EB-9982-9696C24B2AE7}.Debug|Any CPU.Build.0 = Debug|Any CPU
		{3658D2F5-EEBB-40EB-9982-9696C24B2AE7}.Release|Any CPU.ActiveCfg = Release|Any CPU
		{3658D2F5-EEBB-40EB-9982-9696C24B2AE7}.Release|Any CPU.Build.0 = Release|Any CPU
	EndGlobalSection
EndGlobal
